
Microsoft Visual Studio Solution File, Format Version 12.00
# Visual Studio Version 17
VisualStudioVersion = 17.14.37203.1 d17.14
MinimumVisualStudioVersion = 10.0.40219.1
Project("{FAE04EC0-301F-11D3-BF4B-00C04F79EFBC}") = "ModSanguis", "ModSanguis.csproj", "{CBDAFE5C-96BE-4E0F-A829-F5D03A61EB7A}"
EndProject
Global
	GlobalSection(SolutionConfigurationPlatforms) = preSolution
		Debug|Any CPU = Debug|Any CPU
		Release|Any CPU = Release|Any CPU
	EndGlobalSection
	GlobalSection(ProjectConfigurationPlatforms) = postSolution
		{CBDAFE5C-96BE-4E0F-A829-F5D03A61EB7A}.Debug|Any CPU.ActiveCfg = Debug|Any CPU
		{CBDAFE5C-96BE-4E0F-A829-F5D03A61EB7A}.Debug|Any CPU.Build.0 = Debug|Any CPU
		{CBDAFE5C-96BE-4E0F-A829-F5D03A61EB7A}.Release|Any CPU.ActiveCfg = Release|Any CPU
		{CBDAFE5C-96BE-4E0F-A829-F5D03A61EB7A}.Release|Any CPU.Build.0 = Release|Any CPU
	EndGlobalSection
	GlobalSection(SolutionProperties) = preSolution
		HideSolutionNode = FALSE
	EndGlobalSection
	GlobalSection(ExtensibilityGlobals) = postSolution
		SolutionGuid = {30AEA46B-00A6-4121-850F-13D84D20686D}
	EndGlobalSection
EndGlobal
